
Microsoft Visual Studio Solution File, Format Version 12.00
# Visual Studio 2013
VisualStudioVersion = 12.0.21005.1
MinimumVisualStudioVersion = 10.0.40219.1
Project("{FAE04EC0-301F-11D3-BF4B-00C04F79EFBC}") = "FastPooling", "FastPooling\FastPooling.csproj", "{2D076172-F89A-431F-9B7B-0D9A04C95E1D}"
EndProject
Project("{FAE04EC0-301F-11D3-BF4B-00C04F79EFBC}") = "SimulatePosID", "SimulatePosID\SimulatePosID.csproj", "{DBBD1A86-7DEB-428E-A7FA-9221869A0D32}"
EndProject
Project("{888888A0-9F3D-457C-B088-3A5042F75D52}") = "Testharness", "Testharness\Testharness4FastPooling\Testharness.pyproj", "{4EE22A4C-DB73-440E-8A80-AF4B918466C6}"
EndProject
Global
	GlobalSection(SolutionConfigurationPlatforms) = preSolution
		Debug|Any CPU = Debug|Any CPU
		Release|Any CPU = Release|Any CPU
	EndGlobalSection
	GlobalSection(ProjectConfigurationPlatforms) = postSolution
		{2D076172-F89A-431F-9B7B-0D9A04C95E1D}.Debug|Any CPU.ActiveCfg = Debug|Any CPU
		{2D076172-F89A-431F-9B7B-0D9A04C95E1D}.Debug|Any CPU.Build.0 = Debug|Any CPU
		{2D076172-F89A-431F-9B7B-0D9A04C95E1D}.Release|Any CPU.ActiveCfg = Release|Any CPU
		{2D076172-F89A-431F-9B7B-0D9A04C95E1D}.Release|Any CPU.Build.0 = Release|Any CPU
		{DBBD1A86-7DEB-428E-A7FA-9221869A0D32}.Debug|Any CPU.ActiveCfg = Debug|Any CPU
		{DBBD1A86-7DEB-428E-A7FA-9221869A0D32}.Debug|Any CPU.Build.0 = Debug|Any CPU
		{DBBD1A86-7DEB-428E-A7FA-9221869A0D32}.Release|Any CPU.ActiveCfg = Release|Any CPU
		{DBBD1A86-7DEB-428E-A7FA-9221869A0D32}.Release|Any CPU.Build.0 = Release|Any CPU
		{4EE22A4C-DB73-440E-8A80-AF4B918466C6}.Debug|Any CPU.ActiveCfg = Debug|Any CPU
		{4EE22A4C-DB73-440E-8A80-AF4B918466C6}.Release|Any CPU.ActiveCfg = Release|Any CPU
	EndGlobalSection
	GlobalSection(SolutionProperties) = preSolution
		HideSolutionNode = FALSE
	EndGlobalSection
EndGlobal
